
Microsoft Visual Studio Solution File, Format Version 12.00
# Visual Studio Version 17
VisualStudioVersion = 17.5.002.0
MinimumVisualStudioVersion = 10.0.40219.1
Project("{9A19103F-16F7-4668-BE54-9A1E7A4F7556}") = "FastNotes", "FastNotes.csproj", "{3346D571-A635-46CC-8635-C2826F0E5E4A}"
EndProject
Global
	GlobalSection(SolutionConfigurationPlatforms) = preSolution
		Debug|Any CPU = Debug|Any CPU
		Release|Any CPU = Release|Any CPU
	EndGlobalSection
	GlobalSection(ProjectConfigurationPlatforms) = postSolution
		{3346D571-A635-46CC-8635-C2826F0E5E4A}.Debug|Any CPU.ActiveCfg = Debug|Any CPU
		{3346D571-A635-46CC-8635-C2826F0E5E4A}.Debug|Any CPU.Build.0 = Debug|Any CPU
		{3346D571-A635-46CC-8635-C2826F0E5E4A}.Release|Any CPU.ActiveCfg = Release|Any CPU
		{3346D571-A635-46CC-8635-C2826F0E5E4A}.Release|Any CPU.Build.0 = Release|Any CPU
	EndGlobalSection
	GlobalSection(SolutionProperties) = preSolution
		HideSolutionNode = FALSE
	EndGlobalSection
	GlobalSection(ExtensibilityGlobals) = postSolution
		SolutionGuid = {573A8F92-F4AD-43AE-9C31-BE3072C3B164}
	EndGlobalSection
EndGlobal
